
Microsoft Visual Studio Solution File, Format Version 12.00
# Visual Studio Version 17
VisualStudioVersion = 17.11.35222.181
MinimumVisualStudioVersion = 10.0.40219.1
Project("{2150E333-8FDC-42A3-9474-1A3956D46DE8}") = "Task0", "Task0", "{2983137F-8119-4271-AB33-6988368DFF3D}"
EndProject
Project("{9A19103F-16F7-4668-BE54-9A1E7A4F7556}") = "Tyuiu.MolodchikovEE.Sprint1.Task0.V2", "Tyuiu.MolodchikovEE.Sprint1.Task0.V2\Tyuiu.MolodchikovEE.Sprint1.Task0.V2.csproj", "{EEB1D08C-09AB-409F-BCA0-C861384FA545}"
EndProject
Project("{9A19103F-16F7-4668-BE54-9A1E7A4F7556}") = "Tyuiu.MolodchikovEE.Sprint1.Task0.V2.Lib", "Tyuiu.MolodchikovEE.Sprint1.Task0.V2.Lib\Tyuiu.MolodchikovEE.Sprint1.Task0.V2.Lib.csproj", "{6FD61824-AEAD-4ADC-AA78-C6CCEB0F1605}"
EndProject
Project("{9A19103F-16F7-4668-BE54-9A1E7A4F7556}") = "Tyuiu.MolodchikovEE.Sprint1.Task0.V2.Test", "Tyuiu.MolodchikovEE.Sprint1.Task0.V2.Test\Tyuiu.MolodchikovEE.Sprint1.Task0.V2.Test.csproj", "{4093B665-2260-436F-A229-CFCDDB79C3F3}"
EndProject
Project("{2150E333-8FDC-42A3-9474-1A3956D46DE8}") = "Task1", "Task1", "{3D07E973-67F6-4F7D-97B2-4893DC0DF7B0}"
EndProject
Project("{FAE04EC0-301F-11D3-BF4B-00C04F79EFBC}") = "Tyuiu.MolodchikovEE.Sprint1.Task1.V6", "Tyuiu.MolodchikovEE.Sprint1.Task1.V6\Tyuiu.MolodchikovEE.Sprint1.Task1.V6.csproj", "{D344CADA-CF37-49A4-A842-AE4197036227}"
EndProject
Project("{FAE04EC0-301F-11D3-BF4B-00C04F79EFBC}") = "Tyuiu.MolodchikovEE.Sprint1.Task1.V6.Lib", "Tyuiu.MolodchikovEE.Sprint1.Task1.V6.Lib\Tyuiu.MolodchikovEE.Sprint1.Task1.V6.Lib.csproj", "{11F1969F-15B7-4BAB-98AB-895C80A43815}"
EndProject
Project("{FAE04EC0-301F-11D3-BF4B-00C04F79EFBC}") = "Tyuiu.MolodchikovEE.Sprint1.Task1.V6.Test", "Tyuiu.MolodchikovEE.Sprint1.Task1.V6.Test\Tyuiu.MolodchikovEE.Sprint1.Task1.V6.Test.csproj", "{FA42FAC4-3246-462B-A1C7-E39DAB5B95C1}"
EndProject
Project("{2150E333-8FDC-42A3-9474-1A3956D46DE8}") = "Task2", "Task2", "{8FC25C63-2E2B-45B4-AA5E-AB7E5618A0F0}"
EndProject
Project("{FAE04EC0-301F-11D3-BF4B-00C04F79EFBC}") = "Tyuiu.MolodchikovEE.Sprint1.Task2.V19", "Tyuiu.MolodchikovEE.Sprint1.Task2.V19\Tyuiu.MolodchikovEE.Sprint1.Task2.V19.csproj", "{E9DD65CD-41E7-4E13-BE82-788A8FB77BB8}"
EndProject
Project("{FAE04EC0-301F-11D3-BF4B-00C04F79EFBC}") = "Tyuiu.MolodchikovEE.Sprint1.Task2.V19.Lib", "Tyuiu.MolodchikovEE.Sprint1.Task2.V19.Lib\Tyuiu.MolodchikovEE.Sprint1.Task2.V19.Lib.csproj", "{B0EBCB69-0178-4BE6-84B5-65611DEE8BE7}"
EndProject
Project("{FAE04EC0-301F-11D3-BF4B-00C04F79EFBC}") = "Tyuiu.MolodchikovEE.Sprint1.Task2.V19.Test", "Tyuiu.MolodchikovEE.Sprint1.Task2.V19.Test\Tyuiu.MolodchikovEE.Sprint1.Task2.V19.Test.csproj", "{40794B27-1265-4563-BA57-5F5AC72BD420}"
EndProject
Global
	GlobalSection(SolutionConfigurationPlatforms) = preSolution
		Debug|Any CPU = Debug|Any CPU
		Release|Any CPU = Release|Any CPU
	EndGlobalSection
	GlobalSection(ProjectConfigurationPlatforms) = postSolution
		{EEB1D08C-09AB-409F-BCA0-C861384FA545}.Debug|Any CPU.ActiveCfg = Debug|Any CPU
		{EEB1D08C-09AB-409F-BCA0-C861384FA545}.Debug|Any CPU.Build.0 = Debug|Any CPU
		{EEB1D08C-09AB-409F-BCA0-C861384FA545}.Release|Any CPU.ActiveCfg = Release|Any CPU
		{EEB1D08C-09AB-409F-BCA0-C861384FA545}.Release|Any CPU.Build.0 = Release|Any CPU
		{6FD61824-AEAD-4ADC-AA78-C6CCEB0F1605}.Debug|Any CPU.ActiveCfg = Debug|Any CPU
		{6FD61824-AEAD-4ADC-AA78-C6CCEB0F1605}.Debug|Any CPU.Build.0 = Debug|Any CPU
		{6FD61824-AEAD-4ADC-AA78-C6CCEB0F1605}.Release|Any CPU.ActiveCfg = Release|Any CPU
		{6FD61824-AEAD-4ADC-AA78-C6CCEB0F1605}.Release|Any CPU.Build.0 = Release|Any CPU
		{4093B665-2260-436F-A229-CFCDDB79C3F3}.Debug|Any CPU.ActiveCfg = Debug|Any CPU
		{4093B665-2260-436F-A229-CFCDDB79C3F3}.Debug|Any CPU.Build.0 = Debug|Any CPU
		{4093B665-2260-436F-A229-CFCDDB79C3F3}.Release|Any CPU.ActiveCfg = Release|Any CPU
		{4093B665-2260-436F-A229-CFCDDB79C3F3}.Release|Any CPU.Build.0 = Release|Any CPU
		{D344CADA-CF37-49A4-A842-AE4197036227}.Debug|Any CPU.ActiveCfg = Debug|Any CPU
		{D344CADA-CF37-49A4-A842-AE4197036227}.Debug|Any CPU.Build.0 = Debug|Any CPU
		{D344CADA-CF37-49A4-A842-AE4197036227}.Release|Any CPU.ActiveCfg = Release|Any CPU
		{D344CADA-CF37-49A4-A842-AE4197036227}.Release|Any CPU.Build.0 = Release|Any CPU
		{11F1969F-15B7-4BAB-98AB-895C80A43815}.Debug|Any CPU.ActiveCfg = Debug|Any CPU
		{11F1969F-15B7-4BAB-98AB-895C80A43815}.Debug|Any CPU.Build.0 = Debug|Any CPU
		{11F1969F-15B7-4BAB-98AB-895C80A43815}.Release|Any CPU.ActiveCfg = Release|Any CPU
		{11F1969F-15B7-4BAB-98AB-895C80A43815}.Release|Any CPU.Build.0 = Release|Any CPU
		{FA42FAC4-3246-462B-A1C7-E39DAB5B95C1}.Debug|Any CPU.ActiveCfg = Debug|Any CPU
		{FA42FAC4-3246-462B-A1C7-E39DAB5B95C1}.Debug|Any CPU.Build.0 = Debug|Any CPU
		{FA42FAC4-3246-462B-A1C7-E39DAB5B95C1}.Release|Any CPU.ActiveCfg = Release|Any CPU
		{FA42FAC4-3246-462B-A1C7-E39DAB5B95C1}.Release|Any CPU.Build.0 = Release|Any CPU
		{E9DD65CD-41E7-4E13-BE82-788A8FB77BB8}.Debug|Any CPU.ActiveCfg = Debug|Any CPU
		{E9DD65CD-41E7-4E13-BE82-788A8FB77BB8}.Debug|Any CPU.Build.0 = Debug|Any CPU
		{E9DD65CD-41E7-4E13-BE82-788A8FB77BB8}.Release|Any CPU.ActiveCfg = Release|Any CPU
		{E9DD65CD-41E7-4E13-BE82-788A8FB77BB8}.Release|Any CPU.Build.0 = Release|Any CPU
		{B0EBCB69-0178-4BE6-84B5-65611DEE8BE7}.Debug|Any CPU.ActiveCfg = Debug|Any CPU
		{B0EBCB69-0178-4BE6-84B5-65611DEE8BE7}.Debug|Any CPU.Build.0 = Debug|Any CPU
		{B0EBCB69-0178-4BE6-84B5-65611DEE8BE7}.Release|Any CPU.ActiveCfg = Release|Any CPU
		{B0EBCB69-0178-4BE6-84B5-65611DEE8BE7}.Release|Any CPU.Build.0 = Release|Any CPU
		{40794B27-1265-4563-BA57-5F5AC72BD420}.Debug|Any CPU.ActiveCfg = Debug|Any CPU
		{40794B27-1265-4563-BA57-5F5AC72BD420}.Debug|Any CPU.Build.0 = Debug|Any CPU
		{40794B27-1265-4563-BA57-5F5AC72BD420}.Release|Any CPU.ActiveCfg = Release|Any CPU
		{40794B27-1265-4563-BA57-5F5AC72BD420}.Release|Any CPU.Build.0 = Release|Any CPU
	EndGlobalSection
	GlobalSection(SolutionProperties) = preSolution
		HideSolutionNode = FALSE
	EndGlobalSection
	GlobalSection(NestedProjects) = preSolution
		{EEB1D08C-09AB-409F-BCA0-C861384FA545} = {2983137F-8119-4271-AB33-6988368DFF3D}
		{6FD61824-AEAD-4ADC-AA78-C6CCEB0F1605} = {2983137F-8119-4271-AB33-6988368DFF3D}
		{4093B665-2260-436F-A229-CFCDDB79C3F3} = {2983137F-8119-4271-AB33-6988368DFF3D}
		{D344CADA-CF37-49A4-A842-AE4197036227} = {3D07E973-67F6-4F7D-97B2-4893DC0DF7B0}
		{11F1969F-15B7-4BAB-98AB-895C80A43815} = {3D07E973-67F6-4F7D-97B2-4893DC0DF7B0}
		{FA42FAC4-3246-462B-A1C7-E39DAB5B95C1} = {3D07E973-67F6-4F7D-97B2-4893DC0DF7B0}
		{E9DD65CD-41E7-4E13-BE82-788A8FB77BB8} = {8FC25C63-2E2B-45B4-AA5E-AB7E5618A0F0}
		{B0EBCB69-0178-4BE6-84B5-65611DEE8BE7} = {8FC25C63-2E2B-45B4-AA5E-AB7E5618A0F0}
		{40794B27-1265-4563-BA57-5F5AC72BD420} = {8FC25C63-2E2B-45B4-AA5E-AB7E5618A0F0}
	EndGlobalSection
	GlobalSection(ExtensibilityGlobals) = postSolution
		SolutionGuid = {3C0FB7CB-264D-44E1-A4BA-8A49F08AE15D}
	EndGlobalSection
EndGlobal
